// !$*UTF8*$!
{
	archiveVersion = 1;
	classes = {
	};
	objectVersion = 46;
	objects = {

/* Begin PBXBuildFile section */
		2F622385289AC1BDE34706E2 /* Pods_SayingTests.framework in Frameworks */ = {isa = PBXBuildFile; fileRef = 3049AF21AEF4C809245DCEB1 /* Pods_SayingTests.framework */; };
		4C1BC732C200A7ECF3959176 /* Pods_Saying.framework in Frameworks */ = {isa = PBXBuildFile; fileRef = F79F747F8458743934EC1FCC /* Pods_Saying.framework */; };
		80072FF11F05097A003C556B /* Account.storyboard in Resources */ = {isa = PBXBuildFile; fileRef = 80072FF01F05097A003C556B /* Account.storyboard */; };
		800775E31F1098BE00396A48 /* TextField.swift in Sources */ = {isa = PBXBuildFile; fileRef = 800775E21F1098BE00396A48 /* TextField.swift */; };
		800775E61F10A47400396A48 /* AccountNavigationController.swift in Sources */ = {isa = PBXBuildFile; fileRef = 800775E51F10A47400396A48 /* AccountNavigationController.swift */; };
		800775EB1F10AEF200396A48 /* SignInViewController.swift in Sources */ = {isa = PBXBuildFile; fileRef = 800775EA1F10AEF200396A48 /* SignInViewController.swift */; };
		800876EC1EC6CFD9002A9F5D /* AppDelegate.swift in Sources */ = {isa = PBXBuildFile; fileRef = 800876EB1EC6CFD9002A9F5D /* AppDelegate.swift */; };
		800876EE1EC6CFD9002A9F5D /* AccountViewController.swift in Sources */ = {isa = PBXBuildFile; fileRef = 800876ED1EC6CFD9002A9F5D /* AccountViewController.swift */; };
		800876F11EC6CFD9002A9F5D /* Main.storyboard in Resources */ = {isa = PBXBuildFile; fileRef = 800876EF1EC6CFD9002A9F5D /* Main.storyboard */; };
		800876F31EC6CFD9002A9F5D /* Assets.xcassets in Resources */ = {isa = PBXBuildFile; fileRef = 800876F21EC6CFD9002A9F5D /* Assets.xcassets */; };
		800876F61EC6CFD9002A9F5D /* LaunchScreen.storyboard in Resources */ = {isa = PBXBuildFile; fileRef = 800876F41EC6CFD9002A9F5D /* LaunchScreen.storyboard */; };
		800877011EC6CFD9002A9F5D /* SayingTests.swift in Sources */ = {isa = PBXBuildFile; fileRef = 800877001EC6CFD9002A9F5D /* SayingTests.swift */; };
		8008770D1EC6D202002A9F5D /* LikeFeed.storyboard in Resources */ = {isa = PBXBuildFile; fileRef = 8008770C1EC6D202002A9F5D /* LikeFeed.storyboard */; };
		8008770F1EC6D279002A9F5D /* Feed.storyboard in Resources */ = {isa = PBXBuildFile; fileRef = 8008770E1EC6D279002A9F5D /* Feed.storyboard */; };
		800877111EC6D2A8002A9F5D /* PersonalFeed.storyboard in Resources */ = {isa = PBXBuildFile; fileRef = 800877101EC6D2A8002A9F5D /* PersonalFeed.storyboard */; };
		800877131EC6D2FB002A9F5D /* CreateFeed.storyboard in Resources */ = {isa = PBXBuildFile; fileRef = 800877121EC6D2FB002A9F5D /* CreateFeed.storyboard */; };
		800877151EC6D313002A9F5D /* Setting.storyboard in Resources */ = {isa = PBXBuildFile; fileRef = 800877141EC6D313002A9F5D /* Setting.storyboard */; };
		8012567C1EE3E6AB0066C202 /* KakaoOpenSDK.framework in Frameworks */ = {isa = PBXBuildFile; fileRef = 8012567B1EE3E6AB0066C202 /* KakaoOpenSDK.framework */; };
/* End PBXBuildFile section */

/* Begin PBXContainerItemProxy section */
		800876FD1EC6CFD9002A9F5D /* PBXContainerItemProxy */ = {
			isa = PBXContainerItemProxy;
			containerPortal = 800876E01EC6CFD9002A9F5D /* Project object */;
			proxyType = 1;
			remoteGlobalIDString = 800876E71EC6CFD9002A9F5D;
			remoteInfo = Saying;
		};
/* End PBXContainerItemProxy section */

/* Begin PBXFileReference section */
		3049AF21AEF4C809245DCEB1 /* Pods_SayingTests.framework */ = {isa = PBXFileReference; explicitFileType = wrapper.framework; includeInIndex = 0; path = Pods_SayingTests.framework; sourceTree = BUILT_PRODUCTS_DIR; };
		34A290D9333B42D62E7213D2 /* Pods-Saying.debug.xcconfig */ = {isa = PBXFileReference; includeInIndex = 1; lastKnownFileType = text.xcconfig; name = "Pods-Saying.debug.xcconfig"; path = "Pods/Target Support Files/Pods-Saying/Pods-Saying.debug.xcconfig"; sourceTree = "<group>"; };
		6CBABDCB9ABAF8B26559C182 /* Pods-Saying.release.xcconfig */ = {isa = PBXFileReference; includeInIndex = 1; lastKnownFileType = text.xcconfig; name = "Pods-Saying.release.xcconfig"; path = "Pods/Target Support Files/Pods-Saying/Pods-Saying.release.xcconfig"; sourceTree = "<group>"; };
		80072FF01F05097A003C556B /* Account.storyboard */ = {isa = PBXFileReference; fileEncoding = 4; lastKnownFileType = file.storyboard; path = Account.storyboard; sourceTree = "<group>"; };
		800775E21F1098BE00396A48 /* TextField.swift */ = {isa = PBXFileReference; fileEncoding = 4; lastKnownFileType = sourcecode.swift; path = TextField.swift; sourceTree = "<group>"; };
		800775E51F10A47400396A48 /* AccountNavigationController.swift */ = {isa = PBXFileReference; fileEncoding = 4; lastKnownFileType = sourcecode.swift; path = AccountNavigationController.swift; sourceTree = "<group>"; };
		800775EA1F10AEF200396A48 /* SignInViewController.swift */ = {isa = PBXFileReference; fileEncoding = 4; lastKnownFileType = sourcecode.swift; path = SignInViewController.swift; sourceTree = "<group>"; };
		800876E81EC6CFD9002A9F5D /* Saying.app */ = {isa = PBXFileReference; explicitFileType = wrapper.application; includeInIndex = 0; path = Saying.app; sourceTree = BUILT_PRODUCTS_DIR; };
		800876EB1EC6CFD9002A9F5D /* AppDelegate.swift */ = {isa = PBXFileReference; lastKnownFileType = sourcecode.swift; path = AppDelegate.swift; sourceTree = "<group>"; };
		800876ED1EC6CFD9002A9F5D /* AccountViewController.swift */ = {isa = PBXFileReference; lastKnownFileType = sourcecode.swift; path = AccountViewController.swift; sourceTree = "<group>"; };
		800876F01EC6CFD9002A9F5D /* Base */ = {isa = PBXFileReference; lastKnownFileType = file.storyboard; name = Base; path = Base.lproj/Main.storyboard; sourceTree = "<group>"; };
		800876F21EC6CFD9002A9F5D /* Assets.xcassets */ = {isa = PBXFileReference; lastKnownFileType = folder.assetcatalog; path = Assets.xcassets; sourceTree = "<group>"; };
		800876F51EC6CFD9002A9F5D /* Base */ = {isa = PBXFileReference; lastKnownFileType = file.storyboard; name = Base; path = Base.lproj/LaunchScreen.storyboard; sourceTree = "<group>"; };
		800876F71EC6CFD9002A9F5D /* Info.plist */ = {isa = PBXFileReference; lastKnownFileType = text.plist.xml; path = Info.plist; sourceTree = "<group>"; };
		800876FC1EC6CFD9002A9F5D /* SayingTests.xctest */ = {isa = PBXFileReference; explicitFileType = wrapper.cfbundle; includeInIndex = 0; path = SayingTests.xctest; sourceTree = BUILT_PRODUCTS_DIR; };
		800877001EC6CFD9002A9F5D /* SayingTests.swift */ = {isa = PBXFileReference; lastKnownFileType = sourcecode.swift; path = SayingTests.swift; sourceTree = "<group>"; };
		800877021EC6CFD9002A9F5D /* Info.plist */ = {isa = PBXFileReference; lastKnownFileType = text.plist.xml; path = Info.plist; sourceTree = "<group>"; };
		8008770C1EC6D202002A9F5D /* LikeFeed.storyboard */ = {isa = PBXFileReference; fileEncoding = 4; lastKnownFileType = file.storyboard; path = LikeFeed.storyboard; sourceTree = "<group>"; };
		8008770E1EC6D279002A9F5D /* Feed.storyboard */ = {isa = PBXFileReference; fileEncoding = 4; lastKnownFileType = file.storyboard; path = Feed.storyboard; sourceTree = "<group>"; };
		800877101EC6D2A8002A9F5D /* PersonalFeed.storyboard */ = {isa = PBXFileReference; fileEncoding = 4; lastKnownFileType = file.storyboard; path = PersonalFeed.storyboard; sourceTree = "<group>"; };
		800877121EC6D2FB002A9F5D /* CreateFeed.storyboard */ = {isa = PBXFileReference; fileEncoding = 4; lastKnownFileType = file.storyboard; path = CreateFeed.storyboard; sourceTree = "<group>"; };
		800877141EC6D313002A9F5D /* Setting.storyboard */ = {isa = PBXFileReference; fileEncoding = 4; lastKnownFileType = file.storyboard; path = Setting.storyboard; sourceTree = "<group>"; };
		8012567A1EE3E6000066C202 /* KakaoOpenSDK-Bridging-Header.h */ = {isa = PBXFileReference; lastKnownFileType = sourcecode.c.h; path = "KakaoOpenSDK-Bridging-Header.h"; sourceTree = "<group>"; };
		8012567B1EE3E6AB0066C202 /* KakaoOpenSDK.framework */ = {isa = PBXFileReference; lastKnownFileType = wrapper.framework; path = KakaoOpenSDK.framework; sourceTree = "<group>"; };
		A80926563F6081A823E6B84F /* Pods-SayingTests.debug.xcconfig */ = {isa = PBXFileReference; includeInIndex = 1; lastKnownFileType = text.xcconfig; name = "Pods-SayingTests.debug.xcconfig"; path = "Pods/Target Support Files/Pods-SayingTests/Pods-SayingTests.debug.xcconfig"; sourceTree = "<group>"; };
		AF6CA62ACDE71DDC32951840 /* Pods-SayingTests.release.xcconfig */ = {isa = PBXFileReference; includeInIndex = 1; lastKnownFileType = text.xcconfig; name = "Pods-SayingTests.release.xcconfig"; path = "Pods/Target Support Files/Pods-SayingTests/Pods-SayingTests.release.xcconfig"; sourceTree = "<group>"; };
		F79F747F8458743934EC1FCC /* Pods_Saying.framework */ = {isa = PBXFileReference; explicitFileType = wrapper.framework; includeInIndex = 0; path = Pods_Saying.framework; sourceTree = BUILT_PRODUCTS_DIR; };
/* End PBXFileReference section */

/* Begin PBXFrameworksBuildPhase section */
		800876E51EC6CFD9002A9F5D /* Frameworks */ = {
			isa = PBXFrameworksBuildPhase;
			buildActionMask = 2147483647;
			files = (
				4C1BC732C200A7ECF3959176 /* Pods_Saying.framework in Frameworks */,
				8012567C1EE3E6AB0066C202 /* KakaoOpenSDK.framework in Frameworks */,
			);
			runOnlyForDeploymentPostprocessing = 0;
		};
		800876F91EC6CFD9002A9F5D /* Frameworks */ = {
			isa = PBXFrameworksBuildPhase;
			buildActionMask = 2147483647;
			files = (
				2F622385289AC1BDE34706E2 /* Pods_SayingTests.framework in Frameworks */,
			);
			runOnlyForDeploymentPostprocessing = 0;
		};
/* End PBXFrameworksBuildPhase section */

/* Begin PBXGroup section */
		174FAA6C5A8E541480AC564C /* Pods */ = {
			isa = PBXGroup;
			children = (
				34A290D9333B42D62E7213D2 /* Pods-Saying.debug.xcconfig */,
				6CBABDCB9ABAF8B26559C182 /* Pods-Saying.release.xcconfig */,
				A80926563F6081A823E6B84F /* Pods-SayingTests.debug.xcconfig */,
				AF6CA62ACDE71DDC32951840 /* Pods-SayingTests.release.xcconfig */,
			);
			name = Pods;
			sourceTree = "<group>";
		};
		63850A147FB910D317CFAE49 /* Frameworks */ = {
			isa = PBXGroup;
			children = (
				F79F747F8458743934EC1FCC /* Pods_Saying.framework */,
				3049AF21AEF4C809245DCEB1 /* Pods_SayingTests.framework */,
				8012567B1EE3E6AB0066C202 /* KakaoOpenSDK.framework */,
			);
			name = Frameworks;
			sourceTree = "<group>";
		};
		800775E01F10989700396A48 /* Util */ = {
			isa = PBXGroup;
			children = (
				800775E21F1098BE00396A48 /* TextField.swift */,
			);
			name = Util;
			sourceTree = "<group>";
		};
		800775E41F10A45500396A48 /* Account */ = {
			isa = PBXGroup;
			children = (
				800775E81F10AEBB00396A48 /* Navigation */,
				800775E71F10AEB300396A48 /* Base */,
				800775E91F10AED100396A48 /* SignIn */,
			);
			name = Account;
			sourceTree = "<group>";
		};
		800775E71F10AEB300396A48 /* Base */ = {
			isa = PBXGroup;
			children = (
				800876ED1EC6CFD9002A9F5D /* AccountViewController.swift */,
			);
			name = Base;
			sourceTree = "<group>";
		};
		800775E81F10AEBB00396A48 /* Navigation */ = {
			isa = PBXGroup;
			children = (
				800775E51F10A47400396A48 /* AccountNavigationController.swift */,
			);
			name = Navigation;
			sourceTree = "<group>";
		};
		800775E91F10AED100396A48 /* SignIn */ = {
			isa = PBXGroup;
			children = (
				800775EA1F10AEF200396A48 /* SignInViewController.swift */,
			);
			name = SignIn;
			sourceTree = "<group>";
		};
		800876DF1EC6CFD9002A9F5D = {
			isa = PBXGroup;
			children = (
				8012567A1EE3E6000066C202 /* KakaoOpenSDK-Bridging-Header.h */,
				800876EA1EC6CFD9002A9F5D /* Saying */,
				800876FF1EC6CFD9002A9F5D /* SayingTests */,
				800876E91EC6CFD9002A9F5D /* Products */,
				174FAA6C5A8E541480AC564C /* Pods */,
				63850A147FB910D317CFAE49 /* Frameworks */,
			);
			sourceTree = "<group>";
		};
		800876E91EC6CFD9002A9F5D /* Products */ = {
			isa = PBXGroup;
			children = (
				800876E81EC6CFD9002A9F5D /* Saying.app */,
				800876FC1EC6CFD9002A9F5D /* SayingTests.xctest */,
			);
			name = Products;
			sourceTree = "<group>";
		};
		800876EA1EC6CFD9002A9F5D /* Saying */ = {
			isa = PBXGroup;
			children = (
				800877161EC6D330002A9F5D /* AppDelegate */,
				800877171EC6D352002A9F5D /* Source */,
				8008770B1EC6D16E002A9F5D /* UI */,
				8008771E1EC6D3FE002A9F5D /* Model */,
				800775E01F10989700396A48 /* Util */,
				800876F21EC6CFD9002A9F5D /* Assets.xcassets */,
				800876F71EC6CFD9002A9F5D /* Info.plist */,
			);
			path = Saying;
			sourceTree = "<group>";
		};
		800876FF1EC6CFD9002A9F5D /* SayingTests */ = {
			isa = PBXGroup;
			children = (
				800877001EC6CFD9002A9F5D /* SayingTests.swift */,
				800877021EC6CFD9002A9F5D /* Info.plist */,
			);
			path = SayingTests;
			sourceTree = "<group>";
		};
		8008770B1EC6D16E002A9F5D /* UI */ = {
			isa = PBXGroup;
			children = (
				80F3DBFE1F0BC237000AB4F7 /* Account */,
				800876EF1EC6CFD9002A9F5D /* Main.storyboard */,
				800876F41EC6CFD9002A9F5D /* LaunchScreen.storyboard */,
				8008770E1EC6D279002A9F5D /* Feed.storyboard */,
				8008770C1EC6D202002A9F5D /* LikeFeed.storyboard */,
				800877121EC6D2FB002A9F5D /* CreateFeed.storyboard */,
				800877101EC6D2A8002A9F5D /* PersonalFeed.storyboard */,
				800877141EC6D313002A9F5D /* Setting.storyboard */,
			);
			name = UI;
			sourceTree = "<group>";
		};
		800877161EC6D330002A9F5D /* AppDelegate */ = {
			isa = PBXGroup;
			children = (
				800876EB1EC6CFD9002A9F5D /* AppDelegate.swift */,
			);
			name = AppDelegate;
			sourceTree = "<group>";
		};
		800877171EC6D352002A9F5D /* Source */ = {
			isa = PBXGroup;
			children = (
				800775E41F10A45500396A48 /* Account */,
				8008771A1EC6D39F002A9F5D /* Feed */,
				800877191EC6D391002A9F5D /* LikeFeed */,
				8008771B1EC6D3A3002A9F5D /* PersonalFeed */,
				8008771C1EC6D3AE002A9F5D /* CreateFeed */,
				8008771D1EC6D3CA002A9F5D /* Setting */,
			);
			name = Source;
			sourceTree = "<group>";
		};
		800877191EC6D391002A9F5D /* LikeFeed */ = {
			isa = PBXGroup;
			children = (
			);
			name = LikeFeed;
			sourceTree = "<group>";
		};
		8008771A1EC6D39F002A9F5D /* Feed */ = {
			isa = PBXGroup;
			children = (
			);
			name = Feed;
			sourceTree = "<group>";
		};
		8008771B1EC6D3A3002A9F5D /* PersonalFeed */ = {
			isa = PBXGroup;
			children = (
			);
			name = PersonalFeed;
			sourceTree = "<group>";
		};
		8008771C1EC6D3AE002A9F5D /* CreateFeed */ = {
			isa = PBXGroup;
			children = (
			);
			name = CreateFeed;
			sourceTree = "<group>";
		};
		8008771D1EC6D3CA002A9F5D /* Setting */ = {
			isa = PBXGroup;
			children = (
			);
			name = Setting;
			sourceTree = "<group>";
		};
		8008771E1EC6D3FE002A9F5D /* Model */ = {
			isa = PBXGroup;
			children = (
			);
			name = Model;
			sourceTree = "<group>";
		};
		80F3DBFE1F0BC237000AB4F7 /* Account */ = {
			isa = PBXGroup;
			children = (
				80072FF01F05097A003C556B /* Account.storyboard */,
			);
			name = Account;
			sourceTree = "<group>";
		};
/* End PBXGroup section */

/* Begin PBXNativeTarget section */
		800876E71EC6CFD9002A9F5D /* Saying */ = {
			isa = PBXNativeTarget;
			buildConfigurationList = 800877051EC6CFD9002A9F5D /* Build configuration list for PBXNativeTarget "Saying" */;
			buildPhases = (
				61A020A550793A78342CDC52 /* [CP] Check Pods Manifest.lock */,
				800876E41EC6CFD9002A9F5D /* Sources */,
				800876E51EC6CFD9002A9F5D /* Frameworks */,
				800876E61EC6CFD9002A9F5D /* Resources */,
				B074620B21008198BE70D6D4 /* [CP] Embed Pods Frameworks */,
				9146F6751B5EA01566EABCC6 /* [CP] Copy Pods Resources */,
			);
			buildRules = (
			);
			dependencies = (
			);
			name = Saying;
			productName = Saying;
			productReference = 800876E81EC6CFD9002A9F5D /* Saying.app */;
			productType = "com.apple.product-type.application";
		};
		800876FB1EC6CFD9002A9F5D /* SayingTests */ = {
			isa = PBXNativeTarget;
			buildConfigurationList = 800877081EC6CFD9002A9F5D /* Build configuration list for PBXNativeTarget "SayingTests" */;
			buildPhases = (
				E4D0F7F17B5BDBE1304F80C8 /* [CP] Check Pods Manifest.lock */,
				800876F81EC6CFD9002A9F5D /* Sources */,
				800876F91EC6CFD9002A9F5D /* Frameworks */,
				800876FA1EC6CFD9002A9F5D /* Resources */,
				AD58485BB557F89B8160A086 /* [CP] Embed Pods Frameworks */,
				9C14D9818D1561506C6A0333 /* [CP] Copy Pods Resources */,
			);
			buildRules = (
			);
			dependencies = (
				800876FE1EC6CFD9002A9F5D /* PBXTargetDependency */,
			);
			name = SayingTests;
			productName = SayingTests;
			productReference = 800876FC1EC6CFD9002A9F5D /* SayingTests.xctest */;
			productType = "com.apple.product-type.bundle.unit-test";
		};
/* End PBXNativeTarget section */

/* Begin PBXProject section */
		800876E01EC6CFD9002A9F5D /* Project object */ = {
			isa = PBXProject;
			attributes = {
				LastSwiftUpdateCheck = 0830;
				LastUpgradeCheck = 0830;
				ORGANIZATIONNAME = seolheelee;
				TargetAttributes = {
					800876E71EC6CFD9002A9F5D = {
						CreatedOnToolsVersion = 8.3.2;
						ProvisioningStyle = Automatic;
					};
					800876FB1EC6CFD9002A9F5D = {
						CreatedOnToolsVersion = 8.3.2;
						ProvisioningStyle = Automatic;
						TestTargetID = 800876E71EC6CFD9002A9F5D;
					};
				};
			};
			buildConfigurationList = 800876E31EC6CFD9002A9F5D /* Build configuration list for PBXProject "Saying" */;
			compatibilityVersion = "Xcode 3.2";
			developmentRegion = English;
			hasScannedForEncodings = 0;
			knownRegions = (
				en,
				Base,
			);
			mainGroup = 800876DF1EC6CFD9002A9F5D;
			productRefGroup = 800876E91EC6CFD9002A9F5D /* Products */;
			projectDirPath = "";
			projectRoot = "";
			targets = (
				800876E71EC6CFD9002A9F5D /* Saying */,
				800876FB1EC6CFD9002A9F5D /* SayingTests */,
			);
		};
/* End PBXProject section */

/* Begin PBXResourcesBuildPhase section */
		800876E61EC6CFD9002A9F5D /* Resources */ = {
			isa = PBXResourcesBuildPhase;
			buildActionMask = 2147483647;
			files = (
				8008770F1EC6D279002A9F5D /* Feed.storyboard in Resources */,
				800876F61EC6CFD9002A9F5D /* LaunchScreen.storyboard in Resources */,
				800877111EC6D2A8002A9F5D /* PersonalFeed.storyboard in Resources */,
				8008770D1EC6D202002A9F5D /* LikeFeed.storyboard in Resources */,
				800876F31EC6CFD9002A9F5D /* Assets.xcassets in Resources */,
				800877131EC6D2FB002A9F5D /* CreateFeed.storyboard in Resources */,
				800876F11EC6CFD9002A9F5D /* Main.storyboard in Resources */,
				80072FF11F05097A003C556B /* Account.storyboard in Resources */,
				800877151EC6D313002A9F5D /* Setting.storyboard in Resources */,
			);
			runOnlyForDeploymentPostprocessing = 0;
		};
		800876FA1EC6CFD9002A9F5D /* Resources */ = {
			isa = PBXResourcesBuildPhase;
			buildActionMask = 2147483647;
			files = (
			);
			runOnlyForDeploymentPostprocessing = 0;
		};
/* End PBXResourcesBuildPhase section */

/* Begin PBXShellScriptBuildPhase section */
		61A020A550793A78342CDC52 /* [CP] Check Pods Manifest.lock */ = {
			isa = PBXShellScriptBuildPhase;
			buildActionMask = 2147483647;
			files = (
			);
			inputPaths = (
			);
			name = "[CP] Check Pods Manifest.lock";
			outputPaths = (
			);
			runOnlyForDeploymentPostprocessing = 0;
			shellPath = /bin/sh;
			shellScript = "diff \"${PODS_ROOT}/../Podfile.lock\" \"${PODS_ROOT}/Manifest.lock\" > /dev/null\nif [ $? != 0 ] ; then\n    # print error to STDERR\n    echo \"error: The sandbox is not in sync with the Podfile.lock. Run 'pod install' or update your CocoaPods installation.\" >&2\n    exit 1\nfi\n";
			showEnvVarsInLog = 0;
		};
		9146F6751B5EA01566EABCC6 /* [CP] Copy Pods Resources */ = {
			isa = PBXShellScriptBuildPhase;
			buildActionMask = 2147483647;
			files = (
			);
			inputPaths = (
			);
			name = "[CP] Copy Pods Resources";
			outputPaths = (
			);
			runOnlyForDeploymentPostprocessing = 0;
			shellPath = /bin/sh;
			shellScript = "\"${SRCROOT}/Pods/Target Support Files/Pods-Saying/Pods-Saying-resources.sh\"\n";
			showEnvVarsInLog = 0;
		};
		9C14D9818D1561506C6A0333 /* [CP] Copy Pods Resources */ = {
			isa = PBXShellScriptBuildPhase;
			buildActionMask = 2147483647;
			files = (
			);
			inputPaths = (
			);
			name = "[CP] Copy Pods Resources";
			outputPaths = (
			);
			runOnlyForDeploymentPostprocessing = 0;
			shellPath = /bin/sh;
			shellScript = "\"${SRCROOT}/Pods/Target Support Files/Pods-SayingTests/Pods-SayingTests-resources.sh\"\n";
			showEnvVarsInLog = 0;
		};
		AD58485BB557F89B8160A086 /* [CP] Embed Pods Frameworks */ = {
			isa = PBXShellScriptBuildPhase;
			buildActionMask = 2147483647;
			files = (
			);
			inputPaths = (
			);
			name = "[CP] Embed Pods Frameworks";
			outputPaths = (
			);
			runOnlyForDeploymentPostprocessing = 0;
			shellPath = /bin/sh;
			shellScript = "\"${SRCROOT}/Pods/Target Support Files/Pods-SayingTests/Pods-SayingTests-frameworks.sh\"\n";
			showEnvVarsInLog = 0;
		};
		B074620B21008198BE70D6D4 /* [CP] Embed Pods Frameworks */ = {
			isa = PBXShellScriptBuildPhase;
			buildActionMask = 2147483647;
			files = (
			);
			inputPaths = (
			);
			name = "[CP] Embed Pods Frameworks";
			outputPaths = (
			);
			runOnlyForDeploymentPostprocessing = 0;
			shellPath = /bin/sh;
			shellScript = "\"${SRCROOT}/Pods/Target Support Files/Pods-Saying/Pods-Saying-frameworks.sh\"\n";
			showEnvVarsInLog = 0;
		};
		E4D0F7F17B5BDBE1304F80C8 /* [CP] Check Pods Manifest.lock */ = {
			isa = PBXShellScriptBuildPhase;
			buildActionMask = 2147483647;
			files = (
			);
			inputPaths = (
			);
			name = "[CP] Check Pods Manifest.lock";
			outputPaths = (
			);
			runOnlyForDeploymentPostprocessing = 0;
			shellPath = /bin/sh;
			shellScript = "diff \"${PODS_ROOT}/../Podfile.lock\" \"${PODS_ROOT}/Manifest.lock\" > /dev/null\nif [ $? != 0 ] ; then\n    # print error to STDERR\n    echo \"error: The sandbox is not in sync with the Podfile.lock. Run 'pod install' or update your CocoaPods installation.\" >&2\n    exit 1\nfi\n";
			showEnvVarsInLog = 0;
		};
/* End PBXShellScriptBuildPhase section */

/* Begin PBXSourcesBuildPhase section */
		800876E41EC6CFD9002A9F5D /* Sources */ = {
			isa = PBXSourcesBuildPhase;
			buildActionMask = 2147483647;
			files = (
				800775E31F1098BE00396A48 /* TextField.swift in Sources */,
				800876EE1EC6CFD9002A9F5D /* AccountViewController.swift in Sources */,
				800876EC1EC6CFD9002A9F5D /* AppDelegate.swift in Sources */,
				800775EB1F10AEF200396A48 /* SignInViewController.swift in Sources */,
				800775E61F10A47400396A48 /* AccountNavigationController.swift in Sources */,
			);
			runOnlyForDeploymentPostprocessing = 0;
		};
		800876F81EC6CFD9002A9F5D /* Sources */ = {
			isa = PBXSourcesBuildPhase;
			buildActionMask = 2147483647;
			files = (
				800877011EC6CFD9002A9F5D /* SayingTests.swift in Sources */,
			);
			runOnlyForDeploymentPostprocessing = 0;
		};
/* End PBXSourcesBuildPhase section */

/* Begin PBXTargetDependency section */
		800876FE1EC6CFD9002A9F5D /* PBXTargetDependency */ = {
			isa = PBXTargetDependency;
			target = 800876E71EC6CFD9002A9F5D /* Saying */;
			targetProxy = 800876FD1EC6CFD9002A9F5D /* PBXContainerItemProxy */;
		};
/* End PBXTargetDependency section */

/* Begin PBXVariantGroup section */
		800876EF1EC6CFD9002A9F5D /* Main.storyboard */ = {
			isa = PBXVariantGroup;
			children = (
				800876F01EC6CFD9002A9F5D /* Base */,
			);
			name = Main.storyboard;
			sourceTree = "<group>";
		};
		800876F41EC6CFD9002A9F5D /* LaunchScreen.storyboard */ = {
			isa = PBXVariantGroup;
			children = (
				800876F51EC6CFD9002A9F5D /* Base */,
			);
			name = LaunchScreen.storyboard;
			sourceTree = "<group>";
		};
/* End PBXVariantGroup section */

/* Begin XCBuildConfiguration section */
		800877031EC6CFD9002A9F5D /* Debug */ = {
			isa = XCBuildConfiguration;
			buildSettings = {
				ALWAYS_SEARCH_USER_PATHS = NO;
				CLANG_ANALYZER_NONNULL = YES;
				CLANG_ANALYZER_NUMBER_OBJECT_CONVERSION = YES_AGGRESSIVE;
				CLANG_CXX_LANGUAGE_STANDARD = "gnu++0x";
				CLANG_CXX_LIBRARY = "libc++";
				CLANG_ENABLE_MODULES = YES;
				CLANG_ENABLE_OBJC_ARC = YES;
				CLANG_WARN_BOOL_CONVERSION = YES;
				CLANG_WARN_CONSTANT_CONVERSION = YES;
				CLANG_WARN_DIRECT_OBJC_ISA_USAGE = YES_ERROR;
				CLANG_WARN_DOCUMENTATION_COMMENTS = YES;
				CLANG_WARN_EMPTY_BODY = YES;
				CLANG_WARN_ENUM_CONVERSION = YES;
				CLANG_WARN_INFINITE_RECURSION = YES;
				CLANG_WARN_INT_CONVERSION = YES;
				CLANG_WARN_OBJC_ROOT_CLASS = YES_ERROR;
				CLANG_WARN_SUSPICIOUS_MOVE = YES;
				CLANG_WARN_UNREACHABLE_CODE = YES;
				CLANG_WARN__DUPLICATE_METHOD_MATCH = YES;
				"CODE_SIGN_IDENTITY[sdk=iphoneos*]" = "iPhone Developer";
				COPY_PHASE_STRIP = NO;
				DEBUG_INFORMATION_FORMAT = dwarf;
				ENABLE_STRICT_OBJC_MSGSEND = YES;
				ENABLE_TESTABILITY = YES;
				GCC_C_LANGUAGE_STANDARD = gnu99;
				GCC_DYNAMIC_NO_PIC = NO;
				GCC_NO_COMMON_BLOCKS = YES;
				GCC_OPTIMIZATION_LEVEL = 0;
				GCC_PREPROCESSOR_DEFINITIONS = (
					"DEBUG=1",
					"$(inherited)",
				);
				GCC_WARN_64_TO_32_BIT_CONVERSION = YES;
				GCC_WARN_ABOUT_RETURN_TYPE = YES_ERROR;
				GCC_WARN_UNDECLARED_SELECTOR = YES;
				GCC_WARN_UNINITIALIZED_AUTOS = YES_AGGRESSIVE;
				GCC_WARN_UNUSED_FUNCTION = YES;
				GCC_WARN_UNUSED_VARIABLE = YES;
				IPHONEOS_DEPLOYMENT_TARGET = 10.3;
				MTL_ENABLE_DEBUG_INFO = YES;
				ONLY_ACTIVE_ARCH = YES;
				SDKROOT = iphoneos;
				SWIFT_ACTIVE_COMPILATION_CONDITIONS = DEBUG;
				SWIFT_OPTIMIZATION_LEVEL = "-Onone";
				TARGETED_DEVICE_FAMILY = "1,2";
			};
			name = Debug;
		};
		800877041EC6CFD9002A9F5D /* Release */ = {
			isa = XCBuildConfiguration;
			buildSettings = {
				ALWAYS_SEARCH_USER_PATHS = NO;
				CLANG_ANALYZER_NONNULL = YES;
				CLANG_ANALYZER_NUMBER_OBJECT_CONVERSION = YES_AGGRESSIVE;
				CLANG_CXX_LANGUAGE_STANDARD = "gnu++0x";
				CLANG_CXX_LIBRARY = "libc++";
				CLANG_ENABLE_MODULES = YES;
				CLANG_ENABLE_OBJC_ARC = YES;
				CLANG_WARN_BOOL_CONVERSION = YES;
				CLANG_WARN_CONSTANT_CONVERSION = YES;
				CLANG_WARN_DIRECT_OBJC_ISA_USAGE = YES_ERROR;
				CLANG_WARN_DOCUMENTATION_COMMENTS = YES;
				CLANG_WARN_EMPTY_BODY = YES;
				CLANG_WARN_ENUM_CONVERSION = YES;
				CLANG_WARN_INFINITE_RECURSION = YES;
				CLANG_WARN_INT_CONVERSION = YES;
				CLANG_WARN_OBJC_ROOT_CLASS = YES_ERROR;
				CLANG_WARN_SUSPICIOUS_MOVE = YES;
				CLANG_WARN_UNREACHABLE_CODE = YES;
				CLANG_WARN__DUPLICATE_METHOD_MATCH = YES;
				"CODE_SIGN_IDENTITY[sdk=iphoneos*]" = "iPhone Developer";
				COPY_PHASE_STRIP = NO;
				DEBUG_INFORMATION_FORMAT = "dwarf-with-dsym";
				ENABLE_NS_ASSERTIONS = NO;
				ENABLE_STRICT_OBJC_MSGSEND = YES;
				GCC_C_LANGUAGE_STANDARD = gnu99;
				GCC_NO_COMMON_BLOCKS = YES;
				GCC_WARN_64_TO_32_BIT_CONVERSION = YES;
				GCC_WARN_ABOUT_RETURN_TYPE = YES_ERROR;
				GCC_WARN_UNDECLARED_SELECTOR = YES;
				GCC_WARN_UNINITIALIZED_AUTOS = YES_AGGRESSIVE;
				GCC_WARN_UNUSED_FUNCTION = YES;
				GCC_WARN_UNUSED_VARIABLE = YES;
				IPHONEOS_DEPLOYMENT_TARGET = 10.3;
				MTL_ENABLE_DEBUG_INFO = NO;
				SDKROOT = iphoneos;
				SWIFT_OPTIMIZATION_LEVEL = "-Owholemodule";
				TARGETED_DEVICE_FAMILY = "1,2";
				VALIDATE_PRODUCT = YES;
			};
			name = Release;
		};
		800877061EC6CFD9002A9F5D /* Debug */ = {
			isa = XCBuildConfiguration;
			baseConfigurationReference = 34A290D9333B42D62E7213D2 /* Pods-Saying.debug.xcconfig */;
			buildSettings = {
				ASSETCATALOG_COMPILER_APPICON_NAME = AppIcon;
				FRAMEWORK_SEARCH_PATHS = (
					"$(inherited)",
					"$(PROJECT_DIR)",
				);
				INFOPLIST_FILE = Saying/Info.plist;
				IPHONEOS_DEPLOYMENT_TARGET = 10.0;
				LD_RUNPATH_SEARCH_PATHS = "$(inherited) @executable_path/Frameworks";
				PRODUCT_BUNDLE_IDENTIFIER = com.mashup.Saying;
				PRODUCT_NAME = "$(TARGET_NAME)";
				SWIFT_OBJC_BRIDGING_HEADER = "$(SRCROOT)/KakaoOpenSDK-Bridging-Header.h";
				SWIFT_VERSION = 3.0;
			};
			name = Debug;
		};
		800877071EC6CFD9002A9F5D /* Release */ = {
			isa = XCBuildConfiguration;
			baseConfigurationReference = 6CBABDCB9ABAF8B26559C182 /* Pods-Saying.release.xcconfig */;
			buildSettings = {
				ASSETCATALOG_COMPILER_APPICON_NAME = AppIcon;
				FRAMEWORK_SEARCH_PATHS = (
					"$(inherited)",
					"$(PROJECT_DIR)",
				);
				INFOPLIST_FILE = Saying/Info.plist;
				IPHONEOS_DEPLOYMENT_TARGET = 10.0;
				LD_RUNPATH_SEARCH_PATHS = "$(inherited) @executable_path/Frameworks";
				PRODUCT_BUNDLE_IDENTIFIER = com.mashup.Saying;
				PRODUCT_NAME = "$(TARGET_NAME)";
				SWIFT_OBJC_BRIDGING_HEADER = "$(SRCROOT)/KakaoOpenSDK-Bridging-Header.h";
				SWIFT_VERSION = 3.0;
			};
			name = Release;
		};
		800877091EC6CFD9002A9F5D /* Debug */ = {
			isa = XCBuildConfiguration;
			baseConfigurationReference = A80926563F6081A823E6B84F /* Pods-SayingTests.debug.xcconfig */;
			buildSettings = {
				ALWAYS_EMBED_SWIFT_STANDARD_LIBRARIES = YES;
				BUNDLE_LOADER = "$(TEST_HOST)";
				FRAMEWORK_SEARCH_PATHS = (
					"$(inherited)",
					"$(PROJECT_DIR)",
				);
				INFOPLIST_FILE = SayingTests/Info.plist;
				LD_RUNPATH_SEARCH_PATHS = "$(inherited) @executable_path/Frameworks @loader_path/Frameworks";
				PRODUCT_BUNDLE_IDENTIFIER = com.mashup.SayingTests;
				PRODUCT_NAME = "$(TARGET_NAME)";
				SWIFT_VERSION = 3.0;
				TEST_HOST = "$(BUILT_PRODUCTS_DIR)/Saying.app/Saying";
			};
			name = Debug;
		};
		8008770A1EC6CFD9002A9F5D /* Release */ = {
			isa = XCBuildConfiguration;
			baseConfigurationReference = AF6CA62ACDE71DDC32951840 /* Pods-SayingTests.release.xcconfig */;
			buildSettings = {
				ALWAYS_EMBED_SWIFT_STANDARD_LIBRARIES = YES;
				BUNDLE_LOADER = "$(TEST_HOST)";
				FRAMEWORK_SEARCH_PATHS = (
					"$(inherited)",
					"$(PROJECT_DIR)",
				);
				INFOPLIST_FILE = SayingTests/Info.plist;
				LD_RUNPATH_SEARCH_PATHS = "$(inherited) @executable_path/Frameworks @loader_path/Frameworks";
				PRODUCT_BUNDLE_IDENTIFIER = com.mashup.SayingTests;
				PRODUCT_NAME = "$(TARGET_NAME)";
				SWIFT_VERSION = 3.0;
				TEST_HOST = "$(BUILT_PRODUCTS_DIR)/Saying.app/Saying";
			};
			name = Release;
		};
/* End XCBuildConfiguration section */

/* Begin XCConfigurationList section */
		800876E31EC6CFD9002A9F5D /* Build configuration list for PBXProject "Saying" */ = {
			isa = XCConfigurationList;
			buildConfigurations = (
				800877031EC6CFD9002A9F5D /* Debug */,
				800877041EC6CFD9002A9F5D /* Release */,
			);
			defaultConfigurationIsVisible = 0;
			defaultConfigurationName = Release;
		};
		800877051EC6CFD9002A9F5D /* Build configuration list for PBXNativeTarget "Saying" */ = {
			isa = XCConfigurationList;
			buildConfigurations = (
				800877061EC6CFD9002A9F5D /* Debug */,
				800877071EC6CFD9002A9F5D /* Release */,
			);
			defaultConfigurationIsVisible = 0;
			defaultConfigurationName = Release;
		};
		800877081EC6CFD9002A9F5D /* Build configuration list for PBXNativeTarget "SayingTests" */ = {
			isa = XCConfigurationList;
			buildConfigurations = (
				800877091EC6CFD9002A9F5D /* Debug */,
				8008770A1EC6CFD9002A9F5D /* Release */,
			);
			defaultConfigurationIsVisible = 0;
			defaultConfigurationName = Release;
		};
/* End XCConfigurationList section */
	};
	rootObject = 800876E01EC6CFD9002A9F5D /* Project object */;
}
